
Microsoft Visual Studio Solution File, Format Version 12.00
# Visual Studio Version 16
VisualStudioVersion = 16.0.30413.136
MinimumVisualStudioVersion = 10.0.40219.1
Project("{9A19103F-16F7-4668-BE54-9A1E7A4F7556}") = "AchilliosOmega.Discord", "AchilliosOmega.Discord\AchilliosOmega.Discord.csproj", "{94629F5B-EBD4-4B3C-B05C-08D21BCBF411}"
EndProject
Global
	GlobalSection(SolutionConfigurationPlatforms) = preSolution
		Debug|Any CPU = Debug|Any CPU
		Release|Any CPU = Release|Any CPU
	EndGlobalSection
	GlobalSection(ProjectConfigurationPlatforms) = postSolution
		{94629F5B-EBD4-4B3C-B05C-08D21BCBF411}.Debug|Any CPU.ActiveCfg = Debug|Any CPU
		{94629F5B-EBD4-4B3C-B05C-08D21BCBF411}.Debug|Any CPU.Build.0 = Debug|Any CPU
		{94629F5B-EBD4-4B3C-B05C-08D21BCBF411}.Release|Any CPU.ActiveCfg = Release|Any CPU
		{94629F5B-EBD4-4B3C-B05C-08D21BCBF411}.Release|Any CPU.Build.0 = Release|Any CPU
	EndGlobalSection
	GlobalSection(SolutionProperties) = preSolution
		HideSolutionNode = FALSE
	EndGlobalSection
	GlobalSection(ExtensibilityGlobals) = postSolution
		SolutionGuid = {36DBB56F-603D-4577-84FA-6EE6EB0BEFD6}
	EndGlobalSection
EndGlobal
